
Microsoft Visual Studio Solution File, Format Version 12.00
# Visual Studio Version 16
VisualStudioVersion = 16.0.30503.244
MinimumVisualStudioVersion = 10.0.40219.1
Project("{F2A71F9B-5D33-465A-A702-920D77279786}") = "F Lab 5.18", "F Lab 5.18.fsproj", "{84D557AF-5A07-4623-8B4A-9D6D30587571}"
EndProject
Global
	GlobalSection(SolutionConfigurationPlatforms) = preSolution
		Debug|Any CPU = Debug|Any CPU
		Release|Any CPU = Release|Any CPU
	EndGlobalSection
	GlobalSection(ProjectConfigurationPlatforms) = postSolution
		{84D557AF-5A07-4623-8B4A-9D6D30587571}.Debug|Any CPU.ActiveCfg = Debug|Any CPU
		{84D557AF-5A07-4623-8B4A-9D6D30587571}.Debug|Any CPU.Build.0 = Debug|Any CPU
		{84D557AF-5A07-4623-8B4A-9D6D30587571}.Release|Any CPU.ActiveCfg = Release|Any CPU
		{84D557AF-5A07-4623-8B4A-9D6D30587571}.Release|Any CPU.Build.0 = Release|Any CPU
	EndGlobalSection
	GlobalSection(SolutionProperties) = preSolution
		HideSolutionNode = FALSE
	EndGlobalSection
	GlobalSection(ExtensibilityGlobals) = postSolution
		SolutionGuid = {0692AF27-ACE8-442B-ACFB-1DDF577EAAE6}
	EndGlobalSection
EndGlobal
