
Microsoft Visual Studio Solution File, Format Version 12.00
# Visual Studio Version 16
VisualStudioVersion = 16.0.30503.244
MinimumVisualStudioVersion = 10.0.40219.1
Project("{F2A71F9B-5D33-465A-A702-920D77279786}") = "F Lab 6.25", "F Lab 6.25.fsproj", "{7FD22414-5FC0-49C8-BC23-F61017B886DE}"
EndProject
Global
	GlobalSection(SolutionConfigurationPlatforms) = preSolution
		Debug|Any CPU = Debug|Any CPU
		Release|Any CPU = Release|Any CPU
	EndGlobalSection
	GlobalSection(ProjectConfigurationPlatforms) = postSolution
		{7FD22414-5FC0-49C8-BC23-F61017B886DE}.Debug|Any CPU.ActiveCfg = Debug|Any CPU
		{7FD22414-5FC0-49C8-BC23-F61017B886DE}.Debug|Any CPU.Build.0 = Debug|Any CPU
		{7FD22414-5FC0-49C8-BC23-F61017B886DE}.Release|Any CPU.ActiveCfg = Release|Any CPU
		{7FD22414-5FC0-49C8-BC23-F61017B886DE}.Release|Any CPU.Build.0 = Release|Any CPU
	EndGlobalSection
	GlobalSection(SolutionProperties) = preSolution
		HideSolutionNode = FALSE
	EndGlobalSection
	GlobalSection(ExtensibilityGlobals) = postSolution
		SolutionGuid = {6E87E1D1-F968-46C5-B0E5-F59DEB6FD009}
	EndGlobalSection
EndGlobal
